
Microsoft Visual Studio Solution File, Format Version 12.00
# Visual Studio Version 16
VisualStudioVersion = 16.0.29613.14
MinimumVisualStudioVersion = 10.0.40219.1
Project("{9A19103F-16F7-4668-BE54-9A1E7A4F7556}") = "BankApplication.Models", "Models\BankApplication.Models.csproj", "{32B33FF8-28F3-4CBC-9E27-D91A3AA8C6AD}"
EndProject
Project("{9A19103F-16F7-4668-BE54-9A1E7A4F7556}") = "BankApplication.Services", "Servies\BankApplication.Services.csproj", "{B37C24BE-EFBE-45B4-A592-0FE985A169DF}"
EndProject
Project("{9A19103F-16F7-4668-BE54-9A1E7A4F7556}") = "BankApplication.UI", "UI\BankApplication.UI.csproj", "{4555BC0E-F395-488F-98D7-17C789F8A5D0}"
EndProject
Project("{9A19103F-16F7-4668-BE54-9A1E7A4F7556}") = "BankApplication.Data", "BankApplication.Data\BankApplication.Data.csproj", "{F20FE926-9A2B-4661-A216-3A3CDAEF5A18}"
EndProject
Global
	GlobalSection(SolutionConfigurationPlatforms) = preSolution
		Debug|Any CPU = Debug|Any CPU
		Release|Any CPU = Release|Any CPU
	EndGlobalSection
	GlobalSection(ProjectConfigurationPlatforms) = postSolution
		{32B33FF8-28F3-4CBC-9E27-D91A3AA8C6AD}.Debug|Any CPU.ActiveCfg = Debug|Any CPU
		{32B33FF8-28F3-4CBC-9E27-D91A3AA8C6AD}.Debug|Any CPU.Build.0 = Debug|Any CPU
		{32B33FF8-28F3-4CBC-9E27-D91A3AA8C6AD}.Release|Any CPU.ActiveCfg = Release|Any CPU
		{32B33FF8-28F3-4CBC-9E27-D91A3AA8C6AD}.Release|Any CPU.Build.0 = Release|Any CPU
		{B37C24BE-EFBE-45B4-A592-0FE985A169DF}.Debug|Any CPU.ActiveCfg = Debug|Any CPU
		{B37C24BE-EFBE-45B4-A592-0FE985A169DF}.Debug|Any CPU.Build.0 = Debug|Any CPU
		{B37C24BE-EFBE-45B4-A592-0FE985A169DF}.Release|Any CPU.ActiveCfg = Release|Any CPU
		{B37C24BE-EFBE-45B4-A592-0FE985A169DF}.Release|Any CPU.Build.0 = Release|Any CPU
		{4555BC0E-F395-488F-98D7-17C789F8A5D0}.Debug|Any CPU.ActiveCfg = Debug|Any CPU
		{4555BC0E-F395-488F-98D7-17C789F8A5D0}.Debug|Any CPU.Build.0 = Debug|Any CPU
		{4555BC0E-F395-488F-98D7-17C789F8A5D0}.Release|Any CPU.ActiveCfg = Release|Any CPU
		{4555BC0E-F395-488F-98D7-17C789F8A5D0}.Release|Any CPU.Build.0 = Release|Any CPU
		{F20FE926-9A2B-4661-A216-3A3CDAEF5A18}.Debug|Any CPU.ActiveCfg = Debug|Any CPU
		{F20FE926-9A2B-4661-A216-3A3CDAEF5A18}.Debug|Any CPU.Build.0 = Debug|Any CPU
		{F20FE926-9A2B-4661-A216-3A3CDAEF5A18}.Release|Any CPU.ActiveCfg = Release|Any CPU
		{F20FE926-9A2B-4661-A216-3A3CDAEF5A18}.Release|Any CPU.Build.0 = Release|Any CPU
	EndGlobalSection
	GlobalSection(SolutionProperties) = preSolution
		HideSolutionNode = FALSE
	EndGlobalSection
	GlobalSection(ExtensibilityGlobals) = postSolution
		SolutionGuid = {FC001258-35A8-4038-AEF2-240B314E59ED}
	EndGlobalSection
EndGlobal
